
Microsoft Visual Studio Solution File, Format Version 12.00
# Visual Studio Version 17
VisualStudioVersion = 17.3.32804.467
MinimumVisualStudioVersion = 10.0.40219.1
Project("{9A19103F-16F7-4668-BE54-9A1E7A4F7556}") = "4_films", "4_films\4_films.csproj", "{10AFFEAB-C502-4A16-8A07-A3A5B71C3DE0}"
EndProject
Project("{9A19103F-16F7-4668-BE54-9A1E7A4F7556}") = "4_football", "ConsoleApp1\4_football.csproj", "{9C298573-52C2-4F10-8A6B-4E3E9912A977}"
EndProject
Project("{FAE04EC0-301F-11D3-BF4B-00C04F79EFBC}") = "4_humans", "4_humans\4_humans.csproj", "{C362EA2B-F4F6-44D0-96FD-9FA4E4E8E617}"
EndProject
Project("{FAE04EC0-301F-11D3-BF4B-00C04F79EFBC}") = "3_matrix(9)", "3_matrix(9)\3_matrix(9).csproj", "{2CA0E38C-F81B-4CA9-AA2E-F4C8971339E9}"
EndProject
Project("{FAE04EC0-301F-11D3-BF4B-00C04F79EFBC}") = "3_matrix(13)", "3_matrix(13)\3_matrix(13).csproj", "{0C68F9D5-8B6F-4C8C-8ADD-CDC49ABC88A8}"
EndProject
Project("{FAE04EC0-301F-11D3-BF4B-00C04F79EFBC}") = "5_transport", "5_transport\5_transport.csproj", "{D7C47522-2F8E-4E3C-97A1-967A4D8B279F}"
EndProject
Global
	GlobalSection(SolutionConfigurationPlatforms) = preSolution
		Debug|Any CPU = Debug|Any CPU
		Release|Any CPU = Release|Any CPU
	EndGlobalSection
	GlobalSection(ProjectConfigurationPlatforms) = postSolution
		{10AFFEAB-C502-4A16-8A07-A3A5B71C3DE0}.Debug|Any CPU.ActiveCfg = Debug|Any CPU
		{10AFFEAB-C502-4A16-8A07-A3A5B71C3DE0}.Debug|Any CPU.Build.0 = Debug|Any CPU
		{10AFFEAB-C502-4A16-8A07-A3A5B71C3DE0}.Release|Any CPU.ActiveCfg = Release|Any CPU
		{10AFFEAB-C502-4A16-8A07-A3A5B71C3DE0}.Release|Any CPU.Build.0 = Release|Any CPU
		{9C298573-52C2-4F10-8A6B-4E3E9912A977}.Debug|Any CPU.ActiveCfg = Debug|Any CPU
		{9C298573-52C2-4F10-8A6B-4E3E9912A977}.Debug|Any CPU.Build.0 = Debug|Any CPU
		{9C298573-52C2-4F10-8A6B-4E3E9912A977}.Release|Any CPU.ActiveCfg = Release|Any CPU
		{9C298573-52C2-4F10-8A6B-4E3E9912A977}.Release|Any CPU.Build.0 = Release|Any CPU
		{C362EA2B-F4F6-44D0-96FD-9FA4E4E8E617}.Debug|Any CPU.ActiveCfg = Debug|Any CPU
		{C362EA2B-F4F6-44D0-96FD-9FA4E4E8E617}.Debug|Any CPU.Build.0 = Debug|Any CPU
		{C362EA2B-F4F6-44D0-96FD-9FA4E4E8E617}.Release|Any CPU.ActiveCfg = Release|Any CPU
		{C362EA2B-F4F6-44D0-96FD-9FA4E4E8E617}.Release|Any CPU.Build.0 = Release|Any CPU
		{2CA0E38C-F81B-4CA9-AA2E-F4C8971339E9}.Debug|Any CPU.ActiveCfg = Debug|Any CPU
		{2CA0E38C-F81B-4CA9-AA2E-F4C8971339E9}.Debug|Any CPU.Build.0 = Debug|Any CPU
		{2CA0E38C-F81B-4CA9-AA2E-F4C8971339E9}.Release|Any CPU.ActiveCfg = Release|Any CPU
		{2CA0E38C-F81B-4CA9-AA2E-F4C8971339E9}.Release|Any CPU.Build.0 = Release|Any CPU
		{0C68F9D5-8B6F-4C8C-8ADD-CDC49ABC88A8}.Debug|Any CPU.ActiveCfg = Debug|Any CPU
		{0C68F9D5-8B6F-4C8C-8ADD-CDC49ABC88A8}.Debug|Any CPU.Build.0 = Debug|Any CPU
		{0C68F9D5-8B6F-4C8C-8ADD-CDC49ABC88A8}.Release|Any CPU.ActiveCfg = Release|Any CPU
		{0C68F9D5-8B6F-4C8C-8ADD-CDC49ABC88A8}.Release|Any CPU.Build.0 = Release|Any CPU
		{D7C47522-2F8E-4E3C-97A1-967A4D8B279F}.Debug|Any CPU.ActiveCfg = Debug|Any CPU
		{D7C47522-2F8E-4E3C-97A1-967A4D8B279F}.Debug|Any CPU.Build.0 = Debug|Any CPU
		{D7C47522-2F8E-4E3C-97A1-967A4D8B279F}.Release|Any CPU.ActiveCfg = Release|Any CPU
		{D7C47522-2F8E-4E3C-97A1-967A4D8B279F}.Release|Any CPU.Build.0 = Release|Any CPU
	EndGlobalSection
	GlobalSection(SolutionProperties) = preSolution
		HideSolutionNode = FALSE
	EndGlobalSection
	GlobalSection(ExtensibilityGlobals) = postSolution
		SolutionGuid = {EB351A27-7D2F-415A-AA4F-BA3F8FF66D91}
	EndGlobalSection
EndGlobal
